
Microsoft Visual Studio Solution File, Format Version 12.00
# Visual Studio 15
VisualStudioVersion = 15.0.27130.2010
MinimumVisualStudioVersion = 10.0.40219.1
Project("{FAE04EC0-301F-11D3-BF4B-00C04F79EFBC}") = "Neo.Lux", "neo-lux\Neo.Lux.csproj", "{B3AAA0D3-304E-4408-A052-E3E8A8FA2006}"
EndProject
Project("{FAE04EC0-301F-11D3-BF4B-00C04F79EFBC}") = "neo-lux-demo", "neo-lux-demo\neo-lux-demo.csproj", "{3C5A33B0-C015-4670-BC38-283DA680CC27}"
EndProject
Project("{FAE04EC0-301F-11D3-BF4B-00C04F79EFBC}") = "neo-sender", "neo-sender\neo-sender.csproj", "{5B268D1A-E618-4171-A3D9-E18ECE1D627E}"
EndProject
Project("{FAE04EC0-301F-11D3-BF4B-00C04F79EFBC}") = "neo-lux-light-wallet", "neo-lux-light-wallet\neo-lux-light-wallet.csproj", "{F7AF1888-BB95-4D7F-95CC-0977CC33820D}"
EndProject
Global
	GlobalSection(SolutionConfigurationPlatforms) = preSolution
		Debug|Any CPU = Debug|Any CPU
		Release|Any CPU = Release|Any CPU
	EndGlobalSection
	GlobalSection(ProjectConfigurationPlatforms) = postSolution
		{B3AAA0D3-304E-4408-A052-E3E8A8FA2006}.Debug|Any CPU.ActiveCfg = Debug|Any CPU
		{B3AAA0D3-304E-4408-A052-E3E8A8FA2006}.Debug|Any CPU.Build.0 = Debug|Any CPU
		{B3AAA0D3-304E-4408-A052-E3E8A8FA2006}.Release|Any CPU.ActiveCfg = Release|Any CPU
		{B3AAA0D3-304E-4408-A052-E3E8A8FA2006}.Release|Any CPU.Build.0 = Release|Any CPU
		{3C5A33B0-C015-4670-BC38-283DA680CC27}.Debug|Any CPU.ActiveCfg = Debug|Any CPU
		{3C5A33B0-C015-4670-BC38-283DA680CC27}.Debug|Any CPU.Build.0 = Debug|Any CPU
		{3C5A33B0-C015-4670-BC38-283DA680CC27}.Release|Any CPU.ActiveCfg = Release|Any CPU
		{3C5A33B0-C015-4670-BC38-283DA680CC27}.Release|Any CPU.Build.0 = Release|Any CPU
		{5B268D1A-E618-4171-A3D9-E18ECE1D627E}.Debug|Any CPU.ActiveCfg = Debug|Any CPU
		{5B268D1A-E618-4171-A3D9-E18ECE1D627E}.Debug|Any CPU.Build.0 = Debug|Any CPU
		{5B268D1A-E618-4171-A3D9-E18ECE1D627E}.Release|Any CPU.ActiveCfg = Release|Any CPU
		{5B268D1A-E618-4171-A3D9-E18ECE1D627E}.Release|Any CPU.Build.0 = Release|Any CPU
		{F7AF1888-BB95-4D7F-95CC-0977CC33820D}.Debug|Any CPU.ActiveCfg = Debug|Any CPU
		{F7AF1888-BB95-4D7F-95CC-0977CC33820D}.Debug|Any CPU.Build.0 = Debug|Any CPU
		{F7AF1888-BB95-4D7F-95CC-0977CC33820D}.Release|Any CPU.ActiveCfg = Release|Any CPU
		{F7AF1888-BB95-4D7F-95CC-0977CC33820D}.Release|Any CPU.Build.0 = Release|Any CPU
	EndGlobalSection
	GlobalSection(SolutionProperties) = preSolution
		HideSolutionNode = FALSE
	EndGlobalSection
	GlobalSection(ExtensibilityGlobals) = postSolution
		SolutionGuid = {66653F79-0FD8-44DB-8AC9-E2970776C3C8}
	EndGlobalSection
EndGlobal
